
Microsoft Visual Studio Solution File, Format Version 12.00
# Visual Studio Version 17
VisualStudioVersion = 17.0.32112.339
MinimumVisualStudioVersion = 10.0.40219.1
Project("{FAE04EC0-301F-11D3-BF4B-00C04F79EFBC}") = "1_Creational_SingletonPattern", "1_Creational_SingletonPattern\1_Creational_SingletonPattern.csproj", "{2FD5851B-2B30-4403-9631-CD354FDD44BB}"
EndProject
Project("{2150E333-8FDC-42A3-9474-1A3956D46DE8}") = "Solution Items", "Solution Items", "{355DDA1C-5FF3-4B4D-B1E0-A9D9C16D54AC}"
	ProjectSection(SolutionItems) = preProject
		Document.txt = Document.txt
	EndProjectSection
EndProject
Global
	GlobalSection(SolutionConfigurationPlatforms) = preSolution
		Debug|Any CPU = Debug|Any CPU
		Release|Any CPU = Release|Any CPU
	EndGlobalSection
	GlobalSection(ProjectConfigurationPlatforms) = postSolution
		{2FD5851B-2B30-4403-9631-CD354FDD44BB}.Debug|Any CPU.ActiveCfg = Debug|Any CPU
		{2FD5851B-2B30-4403-9631-CD354FDD44BB}.Debug|Any CPU.Build.0 = Debug|Any CPU
		{2FD5851B-2B30-4403-9631-CD354FDD44BB}.Release|Any CPU.ActiveCfg = Release|Any CPU
		{2FD5851B-2B30-4403-9631-CD354FDD44BB}.Release|Any CPU.Build.0 = Release|Any CPU
	EndGlobalSection
	GlobalSection(SolutionProperties) = preSolution
		HideSolutionNode = FALSE
	EndGlobalSection
	GlobalSection(ExtensibilityGlobals) = postSolution
		SolutionGuid = {201AB464-58BD-4EC7-9B5E-04ED7C556870}
	EndGlobalSection
EndGlobal
